{
  "name": "@a-reznikov/test-npm",
  "version": "1.0.6",
  "lockfileVersion": 3,
  "requires": true,
  "packages": {
    "": {
      "name": "@a-reznikov/test-npm",
      "version": "1.0.6",
      "license": "ISC",
      "dependencies": {
        "@a-reznikov/test-npm": "1.0.6"
      }
    },
    "node_modules/@a-reznikov/test-npm": {
      "version": "1.0.6",
      "resolved": "https://npm.pkg.github.com/download/@a-reznikov/test-npm/1.0.6/fe9dd186e5b59dabcea193012aa255ff7be0c646",
      "integrity": "sha512-oRdd/MqOD/2RYUAiWbhy0pZC2uIEGzNc9FtR+2MIP//cW3uPtDvPDKOkW46CdhJZzt8xEvUI5k7j/Y6pz4Z4uA=="
    }
  }
}
